
Microsoft Visual Studio Solution File, Format Version 12.00
# Visual Studio Version 16
VisualStudioVersion = 16.0.29806.167
MinimumVisualStudioVersion = 10.0.40219.1
Project("{9A19103F-16F7-4668-BE54-9A1E7A4F7556}") = "WebApplicationWeatherParser", "WebApplicationWeatherParser\WebApplicationWeatherParser.csproj", "{3F9DC6BB-BFA8-40BD-AD58-C286365D4100}"
EndProject
Project("{9A19103F-16F7-4668-BE54-9A1E7A4F7556}") = "WpfAppWeatherParser", "WpfAppWeatherParser\WpfAppWeatherParser.csproj", "{5E870CC5-3DA4-406B-ABCF-6809A723030C}"
EndProject
Project("{9A19103F-16F7-4668-BE54-9A1E7A4F7556}") = "ClassLibraryWeather", "ClassLibraryWeatherParser\ClassLibraryWeather.csproj", "{F29365B6-06D7-4A62-AE34-E11C74F6C522}"
EndProject
Global
	GlobalSection(SolutionConfigurationPlatforms) = preSolution
		Debug|Any CPU = Debug|Any CPU
		Release|Any CPU = Release|Any CPU
	EndGlobalSection
	GlobalSection(ProjectConfigurationPlatforms) = postSolution
		{3F9DC6BB-BFA8-40BD-AD58-C286365D4100}.Debug|Any CPU.ActiveCfg = Debug|Any CPU
		{3F9DC6BB-BFA8-40BD-AD58-C286365D4100}.Debug|Any CPU.Build.0 = Debug|Any CPU
		{3F9DC6BB-BFA8-40BD-AD58-C286365D4100}.Release|Any CPU.ActiveCfg = Release|Any CPU
		{3F9DC6BB-BFA8-40BD-AD58-C286365D4100}.Release|Any CPU.Build.0 = Release|Any CPU
		{5E870CC5-3DA4-406B-ABCF-6809A723030C}.Debug|Any CPU.ActiveCfg = Debug|Any CPU
		{5E870CC5-3DA4-406B-ABCF-6809A723030C}.Debug|Any CPU.Build.0 = Debug|Any CPU
		{5E870CC5-3DA4-406B-ABCF-6809A723030C}.Release|Any CPU.ActiveCfg = Release|Any CPU
		{5E870CC5-3DA4-406B-ABCF-6809A723030C}.Release|Any CPU.Build.0 = Release|Any CPU
		{F29365B6-06D7-4A62-AE34-E11C74F6C522}.Debug|Any CPU.ActiveCfg = Debug|Any CPU
		{F29365B6-06D7-4A62-AE34-E11C74F6C522}.Debug|Any CPU.Build.0 = Debug|Any CPU
		{F29365B6-06D7-4A62-AE34-E11C74F6C522}.Release|Any CPU.ActiveCfg = Release|Any CPU
		{F29365B6-06D7-4A62-AE34-E11C74F6C522}.Release|Any CPU.Build.0 = Release|Any CPU
	EndGlobalSection
	GlobalSection(SolutionProperties) = preSolution
		HideSolutionNode = FALSE
	EndGlobalSection
	GlobalSection(ExtensibilityGlobals) = postSolution
		SolutionGuid = {AF721326-B22B-4D96-840A-B417B33EB76E}
	EndGlobalSection
EndGlobal
